// !$*UTF8*$!
{
	archiveVersion = 1;
	classes = {
	};
	objectVersion = 56;
	objects = {

/* Begin PBXBuildFile section */
		180D38792F7108E60006BB25 /* Assets.xcassets in Resources */ = {isa = PBXBuildFile; fileRef = 180D38782F7108E60006BB25 /* Assets.xcassets */; };
		180D387B2F7110C40006BB25 /* LaunchScreen.storyboard in Resources */ = {isa = PBXBuildFile; fileRef = 180D387A2F7110C40006BB25 /* LaunchScreen.storyboard */; };
		180D387F2F712D610006BB25 /* LocationSearchViewModel.swift in Sources */ = {isa = PBXBuildFile; fileRef = 180D387E2F712D570006BB25 /* LocationSearchViewModel.swift */; };
		180D38812F712DFC0006BB25 /* LocationSearchService.swift in Sources */ = {isa = PBXBuildFile; fileRef = 180D38802F712DF40006BB25 /* LocationSearchService.swift */; };
		180D38832F71450F0006BB25 /* locationManager.swift in Sources */ = {isa = PBXBuildFile; fileRef = 180D38822F71450E0006BB25 /* locationManager.swift */; };
		B001 /* FuelFinderApp.swift in Sources */ = {isa = PBXBuildFile; fileRef = A001 /* FuelFinderApp.swift */; };
		B002 /* Extensions.swift in Sources */ = {isa = PBXBuildFile; fileRef = A002 /* Extensions.swift */; };
		B003 /* Models.swift in Sources */ = {isa = PBXBuildFile; fileRef = A003 /* Models.swift */; };
		B004 /* APIService.swift in Sources */ = {isa = PBXBuildFile; fileRef = A004 /* APIService.swift */; };
		B005 /* FuelRepository.swift in Sources */ = {isa = PBXBuildFile; fileRef = A005 /* FuelRepository.swift */; };
		B006 /* MainViewModel.swift in Sources */ = {isa = PBXBuildFile; fileRef = A006 /* MainViewModel.swift */; };
		B007 /* ContentView.swift in Sources */ = {isa = PBXBuildFile; fileRef = A007 /* ContentView.swift */; };
		B008 /* FuelMapView.swift in Sources */ = {isa = PBXBuildFile; fileRef = A008 /* FuelMapView.swift */; };
		B009 /* StationListSheet.swift in Sources */ = {isa = PBXBuildFile; fileRef = A009 /* StationListSheet.swift */; };
/* End PBXBuildFile section */

/* Begin PBXFileReference section */
		180D38782F7108E60006BB25 /* Assets.xcassets */ = {isa = PBXFileReference; lastKnownFileType = folder.assetcatalog; path = Assets.xcassets; sourceTree = "<group>"; };
		180D387A2F7110C40006BB25 /* LaunchScreen.storyboard */ = {isa = PBXFileReference; lastKnownFileType = file.storyboard; path = LaunchScreen.storyboard; sourceTree = "<group>"; };
		180D387E2F712D570006BB25 /* LocationSearchViewModel.swift */ = {isa = PBXFileReference; lastKnownFileType = sourcecode.swift; path = LocationSearchViewModel.swift; sourceTree = "<group>"; };
		180D38802F712DF40006BB25 /* LocationSearchService.swift */ = {isa = PBXFileReference; lastKnownFileType = sourcecode.swift; path = LocationSearchService.swift; sourceTree = "<group>"; };
		180D38822F71450E0006BB25 /* locationManager.swift */ = {isa = PBXFileReference; lastKnownFileType = sourcecode.swift; path = locationManager.swift; sourceTree = "<group>"; };
		A001 /* FuelFinderApp.swift */ = {isa = PBXFileReference; lastKnownFileType = sourcecode.swift; path = FuelFinderApp.swift; sourceTree = "<group>"; };
		A002 /* Extensions.swift */ = {isa = PBXFileReference; lastKnownFileType = sourcecode.swift; path = Extensions.swift; sourceTree = "<group>"; };
		A003 /* Models.swift */ = {isa = PBXFileReference; lastKnownFileType = sourcecode.swift; path = Models.swift; sourceTree = "<group>"; };
		A004 /* APIService.swift */ = {isa = PBXFileReference; lastKnownFileType = sourcecode.swift; path = APIService.swift; sourceTree = "<group>"; };
		A005 /* FuelRepository.swift */ = {isa = PBXFileReference; lastKnownFileType = sourcecode.swift; path = FuelRepository.swift; sourceTree = "<group>"; };
		A006 /* MainViewModel.swift */ = {isa = PBXFileReference; lastKnownFileType = sourcecode.swift; path = MainViewModel.swift; sourceTree = "<group>"; };
		A007 /* ContentView.swift */ = {isa = PBXFileReference; lastKnownFileType = sourcecode.swift; path = ContentView.swift; sourceTree = "<group>"; };
		A008 /* FuelMapView.swift */ = {isa = PBXFileReference; lastKnownFileType = sourcecode.swift; path = FuelMapView.swift; sourceTree = "<group>"; };
		A009 /* StationListSheet.swift */ = {isa = PBXFileReference; lastKnownFileType = sourcecode.swift; path = StationListSheet.swift; sourceTree = "<group>"; };
		A010 /* Info.plist */ = {isa = PBXFileReference; lastKnownFileType = text.plist.xml; path = Info.plist; sourceTree = "<group>"; };
		PROD1 /* FuelFinder.app */ = {isa = PBXFileReference; explicitFileType = wrapper.application; includeInIndex = 0; path = FuelFinder.app; sourceTree = BUILT_PRODUCTS_DIR; };
/* End PBXFileReference section */

/* Begin PBXFrameworksBuildPhase section */
		C003 /* Frameworks */ = {
			isa = PBXFrameworksBuildPhase;
			buildActionMask = 2147483647;
			files = (
			);
			runOnlyForDeploymentPostprocessing = 0;
		};
/* End PBXFrameworksBuildPhase section */

/* Begin PBXGroup section */
		APPGROUP /* FuelFinder */ = {
			isa = PBXGroup;
			children = (
				180D38782F7108E60006BB25 /* Assets.xcassets */,
				A001 /* FuelFinderApp.swift */,
				A002 /* Extensions.swift */,
				A010 /* Info.plist */,
				MODELSGROUP /* Models */,
				SERVICESGROUP /* Services */,
				VMGROUP /* ViewModels */,
				VIEWSGROUP /* Views */,
			);
			path = FuelFinder;
			sourceTree = "<group>";
		};
		MAINGROUP = {
			isa = PBXGroup;
			children = (
				180D387A2F7110C40006BB25 /* LaunchScreen.storyboard */,
				APPGROUP /* FuelFinder */,
				PRODGROUP /* Products */,
			);
			sourceTree = "<group>";
		};
		MODELSGROUP /* Models */ = {
			isa = PBXGroup;
			children = (
				A003 /* Models.swift */,
			);
			path = Models;
			sourceTree = "<group>";
		};
		PRODGROUP /* Products */ = {
			isa = PBXGroup;
			children = (
				PROD1 /* FuelFinder.app */,
			);
			name = Products;
			sourceTree = "<group>";
		};
		SERVICESGROUP /* Services */ = {
			isa = PBXGroup;
			children = (
				A004 /* APIService.swift */,
				A005 /* FuelRepository.swift */,
			);
			path = Services;
			sourceTree = "<group>";
		};
		VIEWSGROUP /* Views */ = {
			isa = PBXGroup;
			children = (
				A007 /* ContentView.swift */,
				A008 /* FuelMapView.swift */,
				A009 /* StationListSheet.swift */,
			);
			path = Views;
			sourceTree = "<group>";
		};
		VMGROUP /* ViewModels */ = {
			isa = PBXGroup;
			children = (
				180D38822F71450E0006BB25 /* locationManager.swift */,
				180D38802F712DF40006BB25 /* LocationSearchService.swift */,
				180D387E2F712D570006BB25 /* LocationSearchViewModel.swift */,
				A006 /* MainViewModel.swift */,
			);
			path = ViewModels;
			sourceTree = "<group>";
		};
/* End PBXGroup section */

/* Begin PBXNativeTarget section */
		TARGET1 /* FuelFinder */ = {
			isa = PBXNativeTarget;
			buildConfigurationList = BUILDCONFIGS /* Build configuration list for PBXNativeTarget "FuelFinder" */;
			buildPhases = (
				C001 /* Sources */,
				C003 /* Frameworks */,
				C004 /* Resources */,
			);
			buildRules = (
			);
			dependencies = (
			);
			name = FuelFinder;
			productName = FuelFinder;
			productReference = PROD1 /* FuelFinder.app */;
			productType = "com.apple.product-type.application";
		};
/* End PBXNativeTarget section */

/* Begin PBXProject section */
		PROJ1 /* Project object */ = {
			isa = PBXProject;
			attributes = {
				BuildIndependentTargetsInParallel = 1;
				KnownAssetTags = (
					New,
				);
				LastSwiftUpdateCheck = 1500;
				LastUpgradeCheck = 1500;
				TargetAttributes = {
					TARGET1 = {
						CreatedOnToolsVersion = 15.0;
					};
				};
			};
			buildConfigurationList = PROJBUILDCONFIGS /* Build configuration list for PBXProject "FuelFinder" */;
			compatibilityVersion = "Xcode 14.0";
			developmentRegion = en;
			hasScannedForEncodings = 0;
			knownRegions = (
				en,
				Base,
			);
			mainGroup = MAINGROUP;
			productRefGroup = PRODGROUP /* Products */;
			projectDirPath = "";
			projectRoot = "";
			targets = (
				TARGET1 /* FuelFinder */,
			);
		};
/* End PBXProject section */

/* Begin PBXResourcesBuildPhase section */
		C004 /* Resources */ = {
			isa = PBXResourcesBuildPhase;
			buildActionMask = 2147483647;
			files = (
				180D38792F7108E60006BB25 /* Assets.xcassets in Resources */,
				180D387B2F7110C40006BB25 /* LaunchScreen.storyboard in Resources */,
			);
			runOnlyForDeploymentPostprocessing = 0;
		};
/* End PBXResourcesBuildPhase section */

/* Begin PBXSourcesBuildPhase section */
		C001 /* Sources */ = {
			isa = PBXSourcesBuildPhase;
			buildActionMask = 2147483647;
			files = (
				B001 /* FuelFinderApp.swift in Sources */,
				B002 /* Extensions.swift in Sources */,
				B003 /* Models.swift in Sources */,
				B004 /* APIService.swift in Sources */,
				B005 /* FuelRepository.swift in Sources */,
				180D38812F712DFC0006BB25 /* LocationSearchService.swift in Sources */,
				180D38832F71450F0006BB25 /* locationManager.swift in Sources */,
				B006 /* MainViewModel.swift in Sources */,
				B007 /* ContentView.swift in Sources */,
				180D387F2F712D610006BB25 /* LocationSearchViewModel.swift in Sources */,
				B008 /* FuelMapView.swift in Sources */,
				B009 /* StationListSheet.swift in Sources */,
			);
			runOnlyForDeploymentPostprocessing = 0;
		};
/* End PBXSourcesBuildPhase section */

/* Begin XCBuildConfiguration section */
		DEBUG1 /* Debug */ = {
			isa = XCBuildConfiguration;
			buildSettings = {
				ALWAYS_SEARCH_USER_PATHS = NO;
				ASSETCATALOG_COMPILER_GENERATE_SWIFT_ASSET_SYMBOL_EXTENSIONS = YES;
				CLANG_ANALYZER_NONNULL = YES;
				CLANG_ANALYZER_NUMBER_OBJECT_CONVERSION = YES_AGGRESSIVE;
				CLANG_CXX_LANGUAGE_STANDARD = "gnu++20";
				CLANG_ENABLE_MODULES = YES;
				CLANG_ENABLE_OBJC_ARC = YES;
				CLANG_ENABLE_OBJC_WEAK = YES;
				CLANG_WARN_BLOCK_CAPTURE_AUTORELEASING = YES;
				CLANG_WARN_BOOL_CONVERSION = YES;
				CLANG_WARN_COMMA = YES;
				CLANG_WARN_CONSTANT_CONVERSION = YES;
				CLANG_WARN_DEPRECATED_OBJC_IMPLEMENTATIONS = YES;
				CLANG_WARN_DIRECT_OBJC_ISA_USAGE = YES_ERROR;
				CLANG_WARN_DOCUMENTATION_COMMENTS = YES;
				CLANG_WARN_EMPTY_BODY = YES;
				CLANG_WARN_ENUM_CONVERSION = YES;
				CLANG_WARN_INFINITE_RECURSION = YES;
				CLANG_WARN_INT_CONVERSION = YES;
				CLANG_WARN_NON_LITERAL_NULL_CONVERSION = YES;
				CLANG_WARN_OBJC_IMPLICIT_RETAIN_SELF = YES;
				CLANG_WARN_OBJC_LITERAL_CONVERSION = YES;
				CLANG_WARN_OBJC_ROOT_CLASS = YES_ERROR;
				CLANG_WARN_QUOTED_INCLUDE_IN_FRAMEWORK_HEADER = YES;
				CLANG_WARN_RANGE_LOOP_ANALYSIS = YES;
				CLANG_WARN_STRICT_PROTOTYPES = YES;
				CLANG_WARN_SUSPICIOUS_MOVE = YES;
				CLANG_WARN_UNGUARDED_AVAILABILITY = YES_AGGRESSIVE;
				CLANG_WARN_UNREACHABLE_CODE = YES;
				CLANG_WARN__DUPLICATE_METHOD_MATCH = YES;
				COPY_PHASE_STRIP = NO;
				DEBUG_INFORMATION_FORMAT = dwarf;
				ENABLE_STRICT_OBJC_MSGSEND = YES;
				ENABLE_TESTABILITY = YES;
				ENABLE_USER_SCRIPT_SANDBOXING = YES;
				GCC_C_LANGUAGE_STANDARD = gnu17;
				GCC_DYNAMIC_NO_PIC = NO;
				GCC_NO_COMMON_BLOCKS = YES;
				GCC_OPTIMIZATION_LEVEL = 0;
				GCC_PREPROCESSOR_DEFINITIONS = (
					"DEBUG=1",
					"$(inherited)",
				);
				GCC_WARN_64_TO_32_BIT_CONVERSION = YES;
				GCC_WARN_ABOUT_RETURN_TYPE = YES_ERROR;
				GCC_WARN_UNDECLARED_SELECTOR = YES;
				GCC_WARN_UNINITIALIZED_AUTOS = YES_AGGRESSIVE;
				GCC_WARN_UNUSED_FUNCTION = YES;
				GCC_WARN_UNUSED_VARIABLE = YES;
				IPHONEOS_DEPLOYMENT_TARGET = 16.0;
				MTL_ENABLE_DEBUG_INFO = INCLUDE_SOURCE;
				MTL_FAST_MATH = YES;
				ONLY_ACTIVE_ARCH = YES;
				SDKROOT = iphoneos;
				SWIFT_ACTIVE_COMPILATION_CONDITIONS = DEBUG;
				SWIFT_OPTIMIZATION_LEVEL = "-Onone";
			};
			name = Debug;
		};
		RELEASE1 /* Release */ = {
			isa = XCBuildConfiguration;
			buildSettings = {
				ALWAYS_SEARCH_USER_PATHS = NO;
				ASSETCATALOG_COMPILER_GENERATE_SWIFT_ASSET_SYMBOL_EXTENSIONS = YES;
				CLANG_ANALYZER_NONNULL = YES;
				CLANG_CXX_LANGUAGE_STANDARD = "gnu++20";
				CLANG_ENABLE_MODULES = YES;
				CLANG_ENABLE_OBJC_ARC = YES;
				CLANG_ENABLE_OBJC_WEAK = YES;
				COPY_PHASE_STRIP = NO;
				DEBUG_INFORMATION_FORMAT = "dwarf-with-dsym";
				ENABLE_NS_ASSERTIONS = NO;
				ENABLE_STRICT_OBJC_MSGSEND = YES;
				ENABLE_USER_SCRIPT_SANDBOXING = YES;
				GCC_C_LANGUAGE_STANDARD = gnu17;
				GCC_NO_COMMON_BLOCKS = YES;
				GCC_WARN_64_TO_32_BIT_CONVERSION = YES;
				GCC_WARN_ABOUT_RETURN_TYPE = YES_ERROR;
				GCC_WARN_UNDECLARED_SELECTOR = YES;
				GCC_WARN_UNINITIALIZED_AUTOS = YES_AGGRESSIVE;
				GCC_WARN_UNUSED_FUNCTION = YES;
				GCC_WARN_UNUSED_VARIABLE = YES;
				IPHONEOS_DEPLOYMENT_TARGET = 16.0;
				MTL_FAST_MATH = YES;
				SDKROOT = iphoneos;
				SWIFT_COMPILATION_MODE = wholemodule;
				SWIFT_OPTIMIZATION_LEVEL = "-O";
				VALIDATE_PRODUCT = YES;
			};
			name = Release;
		};
		TDEBUG1 /* Debug */ = {
			isa = XCBuildConfiguration;
			buildSettings = {
				ASSETCATALOG_COMPILER_APPICON_NAME = AppIcon;
				ASSETCATALOG_COMPILER_GLOBAL_ACCENT_COLOR_NAME = AccentColor;
				ASSETCATALOG_COMPILER_INCLUDE_ALL_APPICON_ASSETS = YES;
				CODE_SIGN_STYLE = Automatic;
				CURRENT_PROJECT_VERSION = 1;
				DEVELOPMENT_ASSET_PATHS = "";
				DEVELOPMENT_TEAM = 7UZQN3YCUQ;
				ENABLE_PREVIEWS = YES;
				GENERATE_INFOPLIST_FILE = NO;
				INFOPLIST_FILE = FuelFinder/Info.plist;
				IPHONEOS_DEPLOYMENT_TARGET = 16.0;
				LD_RUNPATH_SEARCH_PATHS = (
					"$(inherited)",
					"@executable_path/Frameworks",
				);
				MARKETING_VERSION = 1.0;
				PRODUCT_BUNDLE_IDENTIFIER = com.fuelfinder.app;
				PRODUCT_NAME = "$(TARGET_NAME)";
				SWIFT_EMIT_LOC_STRINGS = YES;
				SWIFT_VERSION = 5.0;
				TARGETED_DEVICE_FAMILY = "1,2";
			};
			name = Debug;
		};
		TRELEASE1 /* Release */ = {
			isa = XCBuildConfiguration;
			buildSettings = {
				ASSETCATALOG_COMPILER_APPICON_NAME = AppIcon;
				ASSETCATALOG_COMPILER_GLOBAL_ACCENT_COLOR_NAME = AccentColor;
				ASSETCATALOG_COMPILER_INCLUDE_ALL_APPICON_ASSETS = YES;
				CODE_SIGN_STYLE = Automatic;
				CURRENT_PROJECT_VERSION = 1;
				DEVELOPMENT_ASSET_PATHS = "";
				DEVELOPMENT_TEAM = 7UZQN3YCUQ;
				ENABLE_PREVIEWS = YES;
				GENERATE_INFOPLIST_FILE = NO;
				INFOPLIST_FILE = FuelFinder/Info.plist;
				IPHONEOS_DEPLOYMENT_TARGET = 16.0;
				LD_RUNPATH_SEARCH_PATHS = (
					"$(inherited)",
					"@executable_path/Frameworks",
				);
				MARKETING_VERSION = 1.0;
				PRODUCT_BUNDLE_IDENTIFIER = com.fuelfinder.app;
				PRODUCT_NAME = "$(TARGET_NAME)";
				SWIFT_EMIT_LOC_STRINGS = YES;
				SWIFT_VERSION = 5.0;
				TARGETED_DEVICE_FAMILY = "1,2";
			};
			name = Release;
		};
/* End XCBuildConfiguration section */

/* Begin XCConfigurationList section */
		BUILDCONFIGS /* Build configuration list for PBXNativeTarget "FuelFinder" */ = {
			isa = XCConfigurationList;
			buildConfigurations = (
				TDEBUG1 /* Debug */,
				TRELEASE1 /* Release */,
			);
			defaultConfigurationIsVisible = 0;
			defaultConfigurationName = Release;
		};
		PROJBUILDCONFIGS /* Build configuration list for PBXProject "FuelFinder" */ = {
			isa = XCConfigurationList;
			buildConfigurations = (
				DEBUG1 /* Debug */,
				RELEASE1 /* Release */,
			);
			defaultConfigurationIsVisible = 0;
			defaultConfigurationName = Release;
		};
/* End XCConfigurationList section */
	};
	rootObject = PROJ1 /* Project object */;
}
